Microsoft Visual Studio Solution File, Format Version 12.00
# Visual Studio Version 17
VisualStudioVersion = 17.0.31903.59
MinimumVisualStudioVersion = 10.0.40219.1
Project("{9A19103F-16F7-4668-BE54-9A1E7A4F7556}") = "MultiControl.Server", "MultiControl.Server\MultiControl.Server.csproj", "{8F9E4F8D-7A1F-4E36-AD78-C341C5F9F2E1}"
EndProject
Project("{9A19103F-16F7-4668-BE54-9A1E7A4F7556}") = "MultiControl.Client", "MultiControl.Client\MultiControl.Client.csproj", "{D15A3769-FE0A-4EB4-9B6A-426201B1D147}"
EndProject
Project("{9A19103F-16F7-4668-BE54-9A1E7A4F7556}") = "MultiControl.Common", "MultiControl.Common\MultiControl.Common.csproj", "{A1B2C3D4-E5F6-4A5B-6C7D-8E9F0A1B2C3D}"
EndProject
Global
	GlobalSection(SolutionConfigurationPlatforms) = preSolution
		Debug|Any CPU = Debug|Any CPU
		Release|Any CPU = Release|Any CPU
	EndGlobalSection
	GlobalSection(ProjectConfigurationPlatforms) = postSolution
		{8F9E4F8D-7A1F-4E36-AD78-C341C5F9F2E1}.Debug|Any CPU.ActiveCfg = Debug|Any CPU
		{8F9E4F8D-7A1F-4E36-AD78-C341C5F9F2E1}.Debug|Any CPU.Build.0 = Debug|Any CPU
		{8F9E4F8D-7A1F-4E36-AD78-C341C5F9F2E1}.Release|Any CPU.ActiveCfg = Release|Any CPU
		{8F9E4F8D-7A1F-4E36-AD78-C341C5F9F2E1}.Release|Any CPU.Build.0 = Release|Any CPU
		{D15A3769-FE0A-4EB4-9B6A-426201B1D147}.Debug|Any CPU.ActiveCfg = Debug|Any CPU
		{D15A3769-FE0A-4EB4-9B6A-426201B1D147}.Debug|Any CPU.Build.0 = Debug|Any CPU
		{D15A3769-FE0A-4EB4-9B6A-426201B1D147}.Release|Any CPU.ActiveCfg = Release|Any CPU
		{D15A3769-FE0A-4EB4-9B6A-426201B1D147}.Release|Any CPU.Build.0 = Release|Any CPU
		{A1B2C3D4-E5F6-4A5B-6C7D-8E9F0A1B2C3D}.Debug|Any CPU.ActiveCfg = Debug|Any CPU
		{A1B2C3D4-E5F6-4A5B-6C7D-8E9F0A1B2C3D}.Debug|Any CPU.Build.0 = Debug|Any CPU
		{A1B2C3D4-E5F6-4A5B-6C7D-8E9F0A1B2C3D}.Release|Any CPU.ActiveCfg = Release|Any CPU
		{A1B2C3D4-E5F6-4A5B-6C7D-8E9F0A1B2C3D}.Release|Any CPU.Build.0 = Release|Any CPU
	EndGlobalSection
	GlobalSection(SolutionProperties) = preSolution
		HideSolutionNode = FALSE
	EndGlobalSection
	GlobalSection(ExtensibilityGlobals) = postSolution
		SolutionGuid = {F1E2D3C4-B5A6-4C7D-8E9F-0A1B2C3D4E5F}
	EndGlobalSection
EndGlobal
